{
  "version": "5",
  "specifiers": {
    "npm:react-dom@18.3.1": "18.3.1_react@18.3.1",
    "npm:react-router-dom@*": "7.11.0_react@18.3.1_react-dom@18.3.1__react@18.3.1",
    "npm:react@18.3.1": "18.3.1"
  },
  "npm": {
    "cookie@1.1.1": {
      "integrity": "sha512-ei8Aos7ja0weRpFzJnEA9UHJ/7XQmqglbRwnf2ATjcB9Wq874VKH9kfjjirM6UhU2/E5fFYadylyhFldcqSidQ=="
    },
    "js-tokens@4.0.0": {
      "integrity": "sha512-RdJUflcE3cUzKiMqQgsCu06FPu9UdIJO0beYbPhHN4k6apgJtifcoCtT9bcxOpYBtpD2kCM6Sbzg4CausW/PKQ=="
    },
    "loose-envify@1.4.0": {
      "integrity": "sha512-lyuxPGr/Wfhrlem2CL/UcnUc1zcqKAImBDzukY7Y5F/yQiNdko6+fRLevlw1HgMySw7f611UIY408EtxRSoK3Q==",
      "dependencies": [
        "js-tokens"
      ],
      "bin": true
    },
    "react-dom@18.3.1_react@18.3.1": {
      "integrity": "sha512-5m4nQKp+rZRb09LNH59GM4BxTh9251/ylbKIbpe7TpGxfJ+9kv6BLkLBXIjjspbgbnIBNqlI23tRnTWT0snUIw==",
      "dependencies": [
        "loose-envify",
        "react",
        "scheduler"
      ]
    },
    "react-router-dom@7.11.0_react@18.3.1_react-dom@18.3.1__react@18.3.1": {
      "integrity": "sha512-e49Ir/kMGRzFOOrYQBdoitq3ULigw4lKbAyKusnvtDu2t4dBX4AGYPrzNvorXmVuOyeakai6FUPW5MmibvVG8g==",
      "dependencies": [
        "react",
        "react-dom",
        "react-router"
      ]
    },
    "react-router@7.11.0_react@18.3.1_react-dom@18.3.1__react@18.3.1": {
      "integrity": "sha512-uI4JkMmjbWCZc01WVP2cH7ZfSzH91JAZUDd7/nIprDgWxBV1TkkmLToFh7EbMTcMak8URFRa2YoBL/W8GWnCTQ==",
      "dependencies": [
        "cookie",
        "react",
        "react-dom",
        "set-cookie-parser"
      ],
      "optionalPeers": [
        "react-dom"
      ]
    },
    "react@18.3.1": {
      "integrity": "sha512-wS+hAgJShR0KhEvPJArfuPVN1+Hz1t0Y6n5jLrGQbkb4urgPE/0Rve+1kMB1v/oWgHgm4WIcV+i7F2pTVj+2iQ==",
      "dependencies": [
        "loose-envify"
      ]
    },
    "scheduler@0.23.2": {
      "integrity": "sha512-UOShsPwz7NrMUqhR6t0hWjFduvOzbtv7toDH1/hIrfRNIDBnnBWd0CwJTGvTpngVlmwGCdP9/Zl/tVrDqcuYzQ==",
      "dependencies": [
        "loose-envify"
      ]
    },
    "set-cookie-parser@2.7.2": {
      "integrity": "sha512-oeM1lpU/UvhTxw+g3cIfxXHyJRc/uidd3yK1P242gzHds0udQBYzs3y8j4gCCW+ZJ7ad0yctld8RYO+bdurlvw=="
    }
  },
  "workspace": {
    "dependencies": [
      "npm:@biomejs/biome@*",
      "npm:@hookform/resolvers@*",
      "npm:@supabase/supabase-js@2",
      "npm:@tanstack/react-query@*",
      "npm:@types/react-dom@*",
      "npm:@types/react@*",
      "npm:@vitejs/plugin-react@*",
      "npm:autoprefixer@*",
      "npm:framer-motion@*",
      "npm:gsap@*",
      "npm:postcss@*",
      "npm:react-dom@18.3.1",
      "npm:react-hook-form@*",
      "npm:react-router-dom@*",
      "npm:react@18.3.1",
      "npm:recharts@*",
      "npm:tailwindcss@3.4.1",
      "npm:zod@*",
      "npm:zustand@*"
    ]
  }
}
